// !$*UTF8*$!
{
	archiveVersion = 1;
	classes = {
	};
	objectVersion = 46;
	objects = {

/* Begin PBXBuildFile section */
		4DB5A24C1B6AE5D9008C7546 /* AppDelegate.swift in Sources */ = {isa = PBXBuildFile; fileRef = 4DB5A24B1B6AE5D9008C7546 /* AppDelegate.swift */; };
		4DB5A24E1B6AE5D9008C7546 /* ViewController.swift in Sources */ = {isa = PBXBuildFile; fileRef = 4DB5A24D1B6AE5D9008C7546 /* ViewController.swift */; };
		4DB5A2511B6AE5D9008C7546 /* Main.storyboard in Resources */ = {isa = PBXBuildFile; fileRef = 4DB5A24F1B6AE5D9008C7546 /* Main.storyboard */; };
		4DB5A2531B6AE5D9008C7546 /* Images.xcassets in Resources */ = {isa = PBXBuildFile; fileRef = 4DB5A2521B6AE5D9008C7546 /* Images.xcassets */; };
		4DB5A2561B6AE5D9008C7546 /* LaunchScreen.xib in Resources */ = {isa = PBXBuildFile; fileRef = 4DB5A2541B6AE5D9008C7546 /* LaunchScreen.xib */; };
		4DB5A2621B6AE5D9008C7546 /* uitableviewTests.swift in Sources */ = {isa = PBXBuildFile; fileRef = 4DB5A2611B6AE5D9008C7546 /* uitableviewTests.swift */; };
/* End PBXBuildFile section */

/* Begin PBXContainerItemProxy section */
		4DB5A25C1B6AE5D9008C7546 /* PBXContainerItemProxy */ = {
			isa = PBXContainerItemProxy;
			containerPortal = 4DB5A23E1B6AE5D9008C7546 /* Project object */;
			proxyType = 1;
			remoteGlobalIDString = 4DB5A2451B6AE5D9008C7546;
			remoteInfo = uitableview;
		};
/* End PBXContainerItemProxy section */

/* Begin PBXFileReference section */
		4DB5A2461B6AE5D9008C7546 /* uitableview.app */ = {isa = PBXFileReference; explicitFileType = wrapper.application; includeInIndex = 0; path = uitableview.app; sourceTree = BUILT_PRODUCTS_DIR; };
		4DB5A24A1B6AE5D9008C7546 /* Info.plist */ = {isa = PBXFileReference; lastKnownFileType = text.plist.xml; path = Info.plist; sourceTree = "<group>"; };
		4DB5A24B1B6AE5D9008C7546 /* AppDelegate.swift */ = {isa = PBXFileReference; lastKnownFileType = sourcecode.swift; path = AppDelegate.swift; sourceTree = "<group>"; };
		4DB5A24D1B6AE5D9008C7546 /* ViewController.swift */ = {isa = PBXFileReference; lastKnownFileType = sourcecode.swift; path = ViewController.swift; sourceTree = "<group>"; };
		4DB5A2501B6AE5D9008C7546 /* Base */ = {isa = PBXFileReference; lastKnownFileType = file.storyboard; name = Base; path = Base.lproj/Main.storyboard; sourceTree = "<group>"; };
		4DB5A2521B6AE5D9008C7546 /* Images.xcassets */ = {isa = PBXFileReference; lastKnownFileType = folder.assetcatalog; path = Images.xcassets; sourceTree = "<group>"; };
		4DB5A2551B6AE5D9008C7546 /* Base */ = {isa = PBXFileReference; lastKnownFileType = file.xib; name = Base; path = Base.lproj/LaunchScreen.xib; sourceTree = "<group>"; };
		4DB5A25B1B6AE5D9008C7546 /* uitableviewTests.xctest */ = {isa = PBXFileReference; explicitFileType = wrapper.cfbundle; includeInIndex = 0; path = uitableviewTests.xctest; sourceTree = BUILT_PRODUCTS_DIR; };
		4DB5A2601B6AE5D9008C7546 /* Info.plist */ = {isa = PBXFileReference; lastKnownFileType = text.plist.xml; path = Info.plist; sourceTree = "<group>"; };
		4DB5A2611B6AE5D9008C7546 /* uitableviewTests.swift */ = {isa = PBXFileReference; lastKnownFileType = sourcecode.swift; path = uitableviewTests.swift; sourceTree = "<group>"; };
/* End PBXFileReference section */

/* Begin PBXFrameworksBuildPhase section */
		4DB5A2431B6AE5D9008C7546 /* Frameworks */ = {
			isa = PBXFrameworksBuildPhase;
			buildActionMask = 2147483647;
			files = (
			);
			runOnlyForDeploymentPostprocessing = 0;
		};
		4DB5A2581B6AE5D9008C7546 /* Frameworks */ = {
			isa = PBXFrameworksBuildPhase;
			buildActionMask = 2147483647;
			files = (
			);
			runOnlyForDeploymentPostprocessing = 0;
		};
/* End PBXFrameworksBuildPhase section */

/* Begin PBXGroup section */
		4DB5A23D1B6AE5D9008C7546 = {
			isa = PBXGroup;
			children = (
				4DB5A2481B6AE5D9008C7546 /* uitableview */,
				4DB5A25E1B6AE5D9008C7546 /* uitableviewTests */,
				4DB5A2471B6AE5D9008C7546 /* Products */,
			);
			sourceTree = "<group>";
		};
		4DB5A2471B6AE5D9008C7546 /* Products */ = {
			isa = PBXGroup;
			children = (
				4DB5A2461B6AE5D9008C7546 /* uitableview.app */,
				4DB5A25B1B6AE5D9008C7546 /* uitableviewTests.xctest */,
			);
			name = Products;
			sourceTree = "<group>";
		};
		4DB5A2481B6AE5D9008C7546 /* uitableview */ = {
			isa = PBXGroup;
			children = (
				4DB5A24B1B6AE5D9008C7546 /* AppDelegate.swift */,
				4DB5A24D1B6AE5D9008C7546 /* ViewController.swift */,
				4DB5A24F1B6AE5D9008C7546 /* Main.storyboard */,
				4DB5A2521B6AE5D9008C7546 /* Images.xcassets */,
				4DB5A2541B6AE5D9008C7546 /* LaunchScreen.xib */,
				4DB5A2491B6AE5D9008C7546 /* Supporting Files */,
			);
			path = uitableview;
			sourceTree = "<group>";
		};
		4DB5A2491B6AE5D9008C7546 /* Supporting Files */ = {
			isa = PBXGroup;
			children = (
				4DB5A24A1B6AE5D9008C7546 /* Info.plist */,
			);
			name = "Supporting Files";
			sourceTree = "<group>";
		};
		4DB5A25E1B6AE5D9008C7546 /* uitableviewTests */ = {
			isa = PBXGroup;
			children = (
				4DB5A2611B6AE5D9008C7546 /* uitableviewTests.swift */,
				4DB5A25F1B6AE5D9008C7546 /* Supporting Files */,
			);
			path = uitableviewTests;
			sourceTree = "<group>";
		};
		4DB5A25F1B6AE5D9008C7546 /* Supporting Files */ = {
			isa = PBXGroup;
			children = (
				4DB5A2601B6AE5D9008C7546 /* Info.plist */,
			);
			name = "Supporting Files";
			sourceTree = "<group>";
		};
/* End PBXGroup section */

/* Begin PBXNativeTarget section */
		4DB5A2451B6AE5D9008C7546 /* uitableview */ = {
			isa = PBXNativeTarget;
			buildConfigurationList = 4DB5A2651B6AE5D9008C7546 /* Build configuration list for PBXNativeTarget "uitableview" */;
			buildPhases = (
				4DB5A2421B6AE5D9008C7546 /* Sources */,
				4DB5A2431B6AE5D9008C7546 /* Frameworks */,
				4DB5A2441B6AE5D9008C7546 /* Resources */,
			);
			buildRules = (
			);
			dependencies = (
			);
			name = uitableview;
			productName = uitableview;
			productReference = 4DB5A2461B6AE5D9008C7546 /* uitableview.app */;
			productType = "com.apple.product-type.application";
		};
		4DB5A25A1B6AE5D9008C7546 /* uitableviewTests */ = {
			isa = PBXNativeTarget;
			buildConfigurationList = 4DB5A2681B6AE5D9008C7546 /* Build configuration list for PBXNativeTarget "uitableviewTests" */;
			buildPhases = (
				4DB5A2571B6AE5D9008C7546 /* Sources */,
				4DB5A2581B6AE5D9008C7546 /* Frameworks */,
				4DB5A2591B6AE5D9008C7546 /* Resources */,
			);
			buildRules = (
			);
			dependencies = (
				4DB5A25D1B6AE5D9008C7546 /* PBXTargetDependency */,
			);
			name = uitableviewTests;
			productName = uitableviewTests;
			productReference = 4DB5A25B1B6AE5D9008C7546 /* uitableviewTests.xctest */;
			productType = "com.apple.product-type.bundle.unit-test";
		};
/* End PBXNativeTarget section */

/* Begin PBXProject section */
		4DB5A23E1B6AE5D9008C7546 /* Project object */ = {
			isa = PBXProject;
			attributes = {
				LastUpgradeCheck = 0640;
				ORGANIZATIONNAME = OIT;
				TargetAttributes = {
					4DB5A2451B6AE5D9008C7546 = {
						CreatedOnToolsVersion = 6.4;
					};
					4DB5A25A1B6AE5D9008C7546 = {
						CreatedOnToolsVersion = 6.4;
						TestTargetID = 4DB5A2451B6AE5D9008C7546;
					};
				};
			};
			buildConfigurationList = 4DB5A2411B6AE5D9008C7546 /* Build configuration list for PBXProject "uitableview" */;
			compatibilityVersion = "Xcode 3.2";
			developmentRegion = English;
			hasScannedForEncodings = 0;
			knownRegions = (
				en,
				Base,
			);
			mainGroup = 4DB5A23D1B6AE5D9008C7546;
			productRefGroup = 4DB5A2471B6AE5D9008C7546 /* Products */;
			projectDirPath = "";
			projectRoot = "";
			targets = (
				4DB5A2451B6AE5D9008C7546 /* uitableview */,
				4DB5A25A1B6AE5D9008C7546 /* uitableviewTests */,
			);
		};
/* End PBXProject section */

/* Begin PBXResourcesBuildPhase section */
		4DB5A2441B6AE5D9008C7546 /* Resources */ = {
			isa = PBXResourcesBuildPhase;
			buildActionMask = 2147483647;
			files = (
				4DB5A2511B6AE5D9008C7546 /* Main.storyboard in Resources */,
				4DB5A2561B6AE5D9008C7546 /* LaunchScreen.xib in Resources */,
				4DB5A2531B6AE5D9008C7546 /* Images.xcassets in Resources */,
			);
			runOnlyForDeploymentPostprocessing = 0;
		};
		4DB5A2591B6AE5D9008C7546 /* Resources */ = {
			isa = PBXResourcesBuildPhase;
			buildActionMask = 2147483647;
			files = (
			);
			runOnlyForDeploymentPostprocessing = 0;
		};
/* End PBXResourcesBuildPhase section */

/* Begin PBXSourcesBuildPhase section */
		4DB5A2421B6AE5D9008C7546 /* Sources */ = {
			isa = PBXSourcesBuildPhase;
			buildActionMask = 2147483647;
			files = (
				4DB5A24E1B6AE5D9008C7546 /* ViewController.swift in Sources */,
				4DB5A24C1B6AE5D9008C7546 /* AppDelegate.swift in Sources */,
			);
			runOnlyForDeploymentPostprocessing = 0;
		};
		4DB5A2571B6AE5D9008C7546 /* Sources */ = {
			isa = PBXSourcesBuildPhase;
			buildActionMask = 2147483647;
			files = (
				4DB5A2621B6AE5D9008C7546 /* uitableviewTests.swift in Sources */,
			);
			runOnlyForDeploymentPostprocessing = 0;
		};
/* End PBXSourcesBuildPhase section */

/* Begin PBXTargetDependency section */
		4DB5A25D1B6AE5D9008C7546 /* PBXTargetDependency */ = {
			isa = PBXTargetDependency;
			target = 4DB5A2451B6AE5D9008C7546 /* uitableview */;
			targetProxy = 4DB5A25C1B6AE5D9008C7546 /* PBXContainerItemProxy */;
		};
/* End PBXTargetDependency section */

/* Begin PBXVariantGroup section */
		4DB5A24F1B6AE5D9008C7546 /* Main.storyboard */ = {
			isa = PBXVariantGroup;
			children = (
				4DB5A2501B6AE5D9008C7546 /* Base */,
			);
			name = Main.storyboard;
			sourceTree = "<group>";
		};
		4DB5A2541B6AE5D9008C7546 /* LaunchScreen.xib */ = {
			isa = PBXVariantGroup;
			children = (
				4DB5A2551B6AE5D9008C7546 /* Base */,
			);
			name = LaunchScreen.xib;
			sourceTree = "<group>";
		};
/* End PBXVariantGroup section */

/* Begin XCBuildConfiguration section */
		4DB5A2631B6AE5D9008C7546 /* Debug */ = {
			isa = XCBuildConfiguration;
			buildSettings = {
				ALWAYS_SEARCH_USER_PATHS = NO;
				CLANG_CXX_LANGUAGE_STANDARD = "gnu++0x";
				CLANG_CXX_LIBRARY = "libc++";
				CLANG_ENABLE_MODULES = YES;
				CLANG_ENABLE_OBJC_ARC = YES;
				CLANG_WARN_BOOL_CONVERSION = YES;
				CLANG_WARN_CONSTANT_CONVERSION = YES;
				CLANG_WARN_DIRECT_OBJC_ISA_USAGE = YES_ERROR;
				CLANG_WARN_EMPTY_BODY = YES;
				CLANG_WARN_ENUM_CONVERSION = YES;
				CLANG_WARN_INT_CONVERSION = YES;
				CLANG_WARN_OBJC_ROOT_CLASS = YES_ERROR;
				CLANG_WARN_UNREACHABLE_CODE = YES;
				CLANG_WARN__DUPLICATE_METHOD_MATCH = YES;
				"CODE_SIGN_IDENTITY[sdk=iphoneos*]" = "iPhone Developer";
				COPY_PHASE_STRIP = NO;
				DEBUG_INFORMATION_FORMAT = "dwarf-with-dsym";
				ENABLE_STRICT_OBJC_MSGSEND = YES;
				GCC_C_LANGUAGE_STANDARD = gnu99;
				GCC_DYNAMIC_NO_PIC = NO;
				GCC_NO_COMMON_BLOCKS = YES;
				GCC_OPTIMIZATION_LEVEL = 0;
				GCC_PREPROCESSOR_DEFINITIONS = (
					"DEBUG=1",
					"$(inherited)",
				);
				GCC_SYMBOLS_PRIVATE_EXTERN = NO;
				GCC_WARN_64_TO_32_BIT_CONVERSION = YES;
				GCC_WARN_ABOUT_RETURN_TYPE = YES_ERROR;
				GCC_WARN_UNDECLARED_SELECTOR = YES;
				GCC_WARN_UNINITIALIZED_AUTOS = YES_AGGRESSIVE;
				GCC_WARN_UNUSED_FUNCTION = YES;
				GCC_WARN_UNUSED_VARIABLE = YES;
				IPHONEOS_DEPLOYMENT_TARGET = 8.4;
				MTL_ENABLE_DEBUG_INFO = YES;
				ONLY_ACTIVE_ARCH = YES;
				SDKROOT = iphoneos;
				SWIFT_OPTIMIZATION_LEVEL = "-Onone";
			};
			name = Debug;
		};
		4DB5A2641B6AE5D9008C7546 /* Release */ = {
			isa = XCBuildConfiguration;
			buildSettings = {
				ALWAYS_SEARCH_USER_PATHS = NO;
				CLANG_CXX_LANGUAGE_STANDARD = "gnu++0x";
				CLANG_CXX_LIBRARY = "libc++";
				CLANG_ENABLE_MODULES = YES;
				CLANG_ENABLE_OBJC_ARC = YES;
				CLANG_WARN_BOOL_CONVERSION = YES;
				CLANG_WARN_CONSTANT_CONVERSION = YES;
				CLANG_WARN_DIRECT_OBJC_ISA_USAGE = YES_ERROR;
				CLANG_WARN_EMPTY_BODY = YES;
				CLANG_WARN_ENUM_CONVERSION = YES;
				CLANG_WARN_INT_CONVERSION = YES;
				CLANG_WARN_OBJC_ROOT_CLASS = YES_ERROR;
				CLANG_WARN_UNREACHABLE_CODE = YES;
				CLANG_WARN__DUPLICATE_METHOD_MATCH = YES;
				"CODE_SIGN_IDENTITY[sdk=iphoneos*]" = "iPhone Developer";
				COPY_PHASE_STRIP = NO;
				DEBUG_INFORMATION_FORMAT = "dwarf-with-dsym";
				ENABLE_NS_ASSERTIONS = NO;
				ENABLE_STRICT_OBJC_MSGSEND = YES;
				GCC_C_LANGUAGE_STANDARD = gnu99;
				GCC_NO_COMMON_BLOCKS = YES;
				GCC_WARN_64_TO_32_BIT_CONVERSION = YES;
				GCC_WARN_ABOUT_RETURN_TYPE = YES_ERROR;
				GCC_WARN_UNDECLARED_SELECTOR = YES;
				GCC_WARN_UNINITIALIZED_AUTOS = YES_AGGRESSIVE;
				GCC_WARN_UNUSED_FUNCTION = YES;
				GCC_WARN_UNUSED_VARIABLE = YES;
				IPHONEOS_DEPLOYMENT_TARGET = 8.4;
				MTL_ENABLE_DEBUG_INFO = NO;
				SDKROOT = iphoneos;
				VALIDATE_PRODUCT = YES;
			};
			name = Release;
		};
		4DB5A2661B6AE5D9008C7546 /* Debug */ = {
			isa = XCBuildConfiguration;
			buildSettings = {
				ASSETCATALOG_COMPILER_APPICON_NAME = AppIcon;
				INFOPLIST_FILE = uitableview/Info.plist;
				LD_RUNPATH_SEARCH_PATHS = "$(inherited) @executable_path/Frameworks";
				PRODUCT_NAME = "$(TARGET_NAME)";
			};
			name = Debug;
		};
		4DB5A2671B6AE5D9008C7546 /* Release */ = {
			isa = XCBuildConfiguration;
			buildSettings = {
				ASSETCATALOG_COMPILER_APPICON_NAME = AppIcon;
				INFOPLIST_FILE = uitableview/Info.plist;
				LD_RUNPATH_SEARCH_PATHS = "$(inherited) @executable_path/Frameworks";
				PRODUCT_NAME = "$(TARGET_NAME)";
			};
			name = Release;
		};
		4DB5A2691B6AE5D9008C7546 /* Debug */ = {
			isa = XCBuildConfiguration;
			buildSettings = {
				BUNDLE_LOADER = "$(TEST_HOST)";
				FRAMEWORK_SEARCH_PATHS = (
					"$(SDKROOT)/Developer/Library/Frameworks",
					"$(inherited)",
				);
				GCC_PREPROCESSOR_DEFINITIONS = (
					"DEBUG=1",
					"$(inherited)",
				);
				INFOPLIST_FILE = uitableviewTests/Info.plist;
				LD_RUNPATH_SEARCH_PATHS = "$(inherited) @executable_path/Frameworks @loader_path/Frameworks";
				PRODUCT_NAME = "$(TARGET_NAME)";
				TEST_HOST = "$(BUILT_PRODUCTS_DIR)/uitableview.app/uitableview";
			};
			name = Debug;
		};
		4DB5A26A1B6AE5D9008C7546 /* Release */ = {
			isa = XCBuildConfiguration;
			buildSettings = {
				BUNDLE_LOADER = "$(TEST_HOST)";
				FRAMEWORK_SEARCH_PATHS = (
					"$(SDKROOT)/Developer/Library/Frameworks",
					"$(inherited)",
				);
				INFOPLIST_FILE = uitableviewTests/Info.plist;
				LD_RUNPATH_SEARCH_PATHS = "$(inherited) @executable_path/Frameworks @loader_path/Frameworks";
				PRODUCT_NAME = "$(TARGET_NAME)";
				TEST_HOST = "$(BUILT_PRODUCTS_DIR)/uitableview.app/uitableview";
			};
			name = Release;
		};
/* End XCBuildConfiguration section */

/* Begin XCConfigurationList section */
		4DB5A2411B6AE5D9008C7546 /* Build configuration list for PBXProject "uitableview" */ = {
			isa = XCConfigurationList;
			buildConfigurations = (
				4DB5A2631B6AE5D9008C7546 /* Debug */,
				4DB5A2641B6AE5D9008C7546 /* Release */,
			);
			defaultConfigurationIsVisible = 0;
			defaultConfigurationName = Release;
		};
		4DB5A2651B6AE5D9008C7546 /* Build configuration list for PBXNativeTarget "uitableview" */ = {
			isa = XCConfigurationList;
			buildConfigurations = (
				4DB5A2661B6AE5D9008C7546 /* Debug */,
				4DB5A2671B6AE5D9008C7546 /* Release */,
			);
			defaultConfigurationIsVisible = 0;
		};
		4DB5A2681B6AE5D9008C7546 /* Build configuration list for PBXNativeTarget "uitableviewTests" */ = {
			isa = XCConfigurationList;
			buildConfigurations = (
				4DB5A2691B6AE5D9008C7546 /* Debug */,
				4DB5A26A1B6AE5D9008C7546 /* Release */,
			);
			defaultConfigurationIsVisible = 0;
		};
/* End XCConfigurationList section */
	};
	rootObject = 4DB5A23E1B6AE5D9008C7546 /* Project object */;
}
